
Microsoft Visual Studio Solution File, Format Version 12.00
Project("{FAE04EC0-301F-11D3-BF4B-00C04F79EFBC}") = "Authentication", "Authentication.csproj", "{B9214D6B-D573-4A24-A5F2-711D6446DBDC}"
EndProject
Global
	GlobalSection(SolutionConfigurationPlatforms) = preSolution
		Debug|Any CPU = Debug|Any CPU
		Release|Any CPU = Release|Any CPU
	EndGlobalSection
	GlobalSection(ProjectConfigurationPlatforms) = postSolution
		{B9214D6B-D573-4A24-A5F2-711D6446DBDC}.Debug|Any CPU.ActiveCfg = Debug|Any CPU
		{B9214D6B-D573-4A24-A5F2-711D6446DBDC}.Debug|Any CPU.Build.0 = Debug|Any CPU
		{B9214D6B-D573-4A24-A5F2-711D6446DBDC}.Release|Any CPU.ActiveCfg = Release|Any CPU
		{B9214D6B-D573-4A24-A5F2-711D6446DBDC}.Release|Any CPU.Build.0 = Release|Any CPU
	EndGlobalSection
EndGlobal
