
Microsoft Visual Studio Solution File, Format Version 12.00
Project("{FAE04EC0-301F-11D3-BF4B-00C04F79EFBC}") = "AuthorizationService", "AuthorizationService\AuthorizationService.csproj", "{FEAD6A75-B011-476D-9659-0E161BE64BAB}"
EndProject
Global
	GlobalSection(SolutionConfigurationPlatforms) = preSolution
		Debug|Any CPU = Debug|Any CPU
		Release|Any CPU = Release|Any CPU
	EndGlobalSection
	GlobalSection(ProjectConfigurationPlatforms) = postSolution
		{FEAD6A75-B011-476D-9659-0E161BE64BAB}.Debug|Any CPU.ActiveCfg = Debug|Any CPU
		{FEAD6A75-B011-476D-9659-0E161BE64BAB}.Debug|Any CPU.Build.0 = Debug|Any CPU
		{FEAD6A75-B011-476D-9659-0E161BE64BAB}.Release|Any CPU.ActiveCfg = Release|Any CPU
		{FEAD6A75-B011-476D-9659-0E161BE64BAB}.Release|Any CPU.Build.0 = Release|Any CPU
	EndGlobalSection
EndGlobal
